lockfileVersion: '9.0'

settings:
  autoInstallPeers: true
  excludeLinksFromLockfile: false

importers:

  .:
    devDependencies:
      '@rollup/plugin-commonjs':
        specifier: ^28.0.6
        version: 28.0.6(rollup@4.47.0)
      '@rollup/plugin-node-resolve':
        specifier: ^16.0.1
        version: 16.0.1(rollup@4.47.0)
      '@rollup/plugin-replace':
        specifier: ^6.0.2
        version: 6.0.2(rollup@4.47.0)
      '@rollup/plugin-terser':
        specifier: ^0.4.4
        version: 0.4.4(rollup@4.47.0)
      '@rollup/plugin-typescript':
        specifier: ^12.1.4
        version: 12.1.4(rollup@4.47.0)(tslib@2.8.1)(typescript@5.9.2)
      '@types/mocha':
        specifier: ^10.0.10
        version: 10.0.10
      '@types/node':
        specifier: ~22.17.2
        version: 22.17.2
      '@types/vscode':
        specifier: ^1.103.0
        version: 1.103.0
      '@types/which':
        specifier: ^3.0.4
        version: 3.0.4
      oxlint:
        specifier: ^1.12.0
        version: 1.12.0
      rollup:
        specifier: ^4.47.0
        version: 4.47.0
      tslib:
        specifier: ^2.8.1
        version: 2.8.1
      typescript:
        specifier: ^5.9.2
        version: 5.9.2
      vscode-languageclient:
        specifier: ^9.0.1
        version: 9.0.1
      which:
        specifier: ^5.0.0
        version: 5.0.0

packages:

  '@jridgewell/gen-mapping@0.3.13':
    resolution: {integrity: sha512-2kkt/7niJ6MgEPxF0bYdQ6etZaA+fQvDcLKckhy1yIQOzaoKjBBjSj63/aLVjYE3qhRt5dvM+uUyfCg6UKCBbA==}

  '@jridgewell/resolve-uri@3.1.2':
    resolution: {integrity: sha512-bRISgCIjP20/tbWSPWMEi54QVPRZExkuD9lJL+UIxUKtwVJA8wW1Trb1jMs1RFXo1CBTNZ/5hpC9QvmKWdopKw==}
    engines: {node: '>=6.0.0'}

  '@jridgewell/source-map@0.3.11':
    resolution: {integrity: sha512-ZMp1V8ZFcPG5dIWnQLr3NSI1MiCU7UETdS/A0G8V/XWHvJv3ZsFqutJn1Y5RPmAPX6F3BiE397OqveU/9NCuIA==}

  '@jridgewell/sourcemap-codec@1.5.5':
    resolution: {integrity: sha512-cYQ9310grqxueWbl+WuIUIaiUaDcj7WOq5fVhEljNVgRfOUhY9fy2zTvfoqWsnebh8Sl70VScFbICvJnLKB0Og==}

  '@jridgewell/trace-mapping@0.3.30':
    resolution: {integrity: sha512-GQ7Nw5G2lTu/BtHTKfXhKHok2WGetd4XYcVKGx00SjAk8GMwgJM3zr6zORiPGuOE+/vkc90KtTosSSvaCjKb2Q==}

  '@oxlint-tsgolint/darwin-arm64@0.0.4':
    resolution: {integrity: sha512-qL0zqIYdYrXl6ghTIHnhJkvyYy1eKz0P8YIEp59MjY3/zNiyk/gtyp8LkwZdqb9ezbcX9UDQhSuSO1wURJsq8g==}
    cpu: [arm64]
    os: [darwin]

  '@oxlint-tsgolint/darwin-x64@0.0.4':
    resolution: {integrity: sha512-c3nSjqmDSKzemChAEUv/zy2e9cwgkkO/7rz4Y447+8pSbeZNHi3RrNpVHdrKL/Qep4pt6nFZE+6PoczZxHNQjg==}
    cpu: [x64]
    os: [darwin]

  '@oxlint-tsgolint/linux-arm64@0.0.4':
    resolution: {integrity: sha512-P2BA54c/Ej5AGkChH1/7zMd6PwZfa+jnw8juB/JWops+BX+lbhbbBHz0cYduDBgWYjRo4e3OVJOTskqcpuMfNw==}
    cpu: [arm64]
    os: [linux]

  '@oxlint-tsgolint/linux-x64@0.0.4':
    resolution: {integrity: sha512-hbgLpnDNicPrbHOAQ9nNfLOSrUrdWANP/umR7P/cwCc1sv66eEs7bm4G3mrhRU8aXFBJmbhdNqiDSUkYYvHWJQ==}
    cpu: [x64]
    os: [linux]

  '@oxlint-tsgolint/win32-arm64@0.0.4':
    resolution: {integrity: sha512-ozKEppmwZhC5LMedClBEat6cXgBGUvxGOgsKK2ZZNE6zSScX7QbvJAOt3nWMGs8GQshHy/6ndMB33+uRloglQA==}
    cpu: [arm64]
    os: [win32]

  '@oxlint-tsgolint/win32-x64@0.0.4':
    resolution: {integrity: sha512-gLfx+qogW21QcaRKFg6ARgra7tSPqyn+Ems3FgTUyxV4OpJYn7KsQroygxOWElqv6JUobtvHBrxdB6YhlvERbQ==}
    cpu: [x64]
    os: [win32]

  '@oxlint/darwin-arm64@1.12.0':
    resolution: {integrity: sha512-Pv+Ho1uq2ny8g2P6JgQpaIUF1FHPL32DfOlZhKqmzDT3PydtFvZp/7zNyJE3BIXeTOOOG1Eg12hjZHMLsWxyNw==}
    cpu: [arm64]
    os: [darwin]

  '@oxlint/darwin-x64@1.12.0':
    resolution: {integrity: sha512-kNXPH/7jXjX4pawrEWXQHOasOdOsrYKhskA1qYwLYcv/COVSoxOSElkQtQa+KxN5zzt3F02kBdWDndLpgJLbLQ==}
    cpu: [x64]
    os: [darwin]

  '@oxlint/linux-arm64-gnu@1.12.0':
    resolution: {integrity: sha512-U7NETs02K55ZyDlgdhx4lWeFYbkUKcL+YcG+Ak70EyEt/BKIIVt4B84VdV1JzC71FErUipDYAwPJmxMREXr4Sg==}
    cpu: [arm64]
    os: [linux]
    libc: [glibc]

  '@oxlint/linux-arm64-musl@1.12.0':
    resolution: {integrity: sha512-e4Pb2eZu3V2BsiX4t4gyv9iJ8+KRT6bkoWM5uC9BLX7edsVchwLwL6LB2vPYusYdPPrxdjlFCg6ni+9wlw7FbQ==}
    cpu: [arm64]
    os: [linux]
    libc: [musl]

  '@oxlint/linux-x64-gnu@1.12.0':
    resolution: {integrity: sha512-qJK98Dj/z7Nbm0xoz0nCCMFGy0W/kLewPzOK5QENxuUoQQ6ymt7/75rXOuTwAZJ6JFTarqfSuMAA0pka6Tmytw==}
    cpu: [x64]
    os: [linux]
    libc: [glibc]

  '@oxlint/linux-x64-musl@1.12.0':
    resolution: {integrity: sha512-jNeltpHc1eonSev/bWKipJ7FI6+Rc7EXh6Y7E0pm8e95sc1klFA29FFVs3FjMA6CCa+SRT0u0nnNTTAtf2QOiQ==}
    cpu: [x64]
    os: [linux]
    libc: [musl]

  '@oxlint/win32-arm64@1.12.0':
    resolution: {integrity: sha512-T3fpNZJ3Q9YGgJTKc1YyvGoomSXnrV5mREz0QACE06zUzfS8EWyaYc/GN17FhHvQ4uQk/1xLgnM6FPsuLMeRhw==}
    cpu: [arm64]
    os: [win32]

  '@oxlint/win32-x64@1.12.0':
    resolution: {integrity: sha512-2eC4XQ1SMM2z7bCDG+Ifrn5GrvP6fkL0FGi4ZwDCrx6fwb1byFrXgSUNIPiqiiqBBrFRMKlXzU9zD6IjuFlUOg==}
    cpu: [x64]
    os: [win32]

  '@rollup/plugin-commonjs@28.0.6':
    resolution: {integrity: sha512-XSQB1K7FUU5QP+3lOQmVCE3I0FcbbNvmNT4VJSj93iUjayaARrTQeoRdiYQoftAJBLrR9t2agwAd3ekaTgHNlw==}
    engines: {node: '>=16.0.0 || 14 >= 14.17'}
    peerDependencies:
      rollup: ^2.68.0||^3.0.0||^4.0.0
    peerDependenciesMeta:
      rollup:
        optional: true

  '@rollup/plugin-node-resolve@16.0.1':
    resolution: {integrity: sha512-tk5YCxJWIG81umIvNkSod2qK5KyQW19qcBF/B78n1bjtOON6gzKoVeSzAE8yHCZEDmqkHKkxplExA8KzdJLJpA==}
    engines: {node: '>=14.0.0'}
    peerDependencies:
      rollup: ^2.78.0||^3.0.0||^4.0.0
    peerDependenciesMeta:
      rollup:
        optional: true

  '@rollup/plugin-replace@6.0.2':
    resolution: {integrity: sha512-7QaYCf8bqF04dOy7w/eHmJeNExxTYwvKAmlSAH/EaWWUzbT0h5sbF6bktFoX/0F/0qwng5/dWFMyf3gzaM8DsQ==}
    engines: {node: '>=14.0.0'}
    peerDependencies:
      rollup: ^1.20.0||^2.0.0||^3.0.0||^4.0.0
    peerDependenciesMeta:
      rollup:
        optional: true

  '@rollup/plugin-terser@0.4.4':
    resolution: {integrity: sha512-XHeJC5Bgvs8LfukDwWZp7yeqin6ns8RTl2B9avbejt6tZqsqvVoWI7ZTQrcNsfKEDWBTnTxM8nMDkO2IFFbd0A==}
    engines: {node: '>=14.0.0'}
    peerDependencies:
      rollup: ^2.0.0||^3.0.0||^4.0.0
    peerDependenciesMeta:
      rollup:
        optional: true

  '@rollup/plugin-typescript@12.1.4':
    resolution: {integrity: sha512-s5Hx+EtN60LMlDBvl5f04bEiFZmAepk27Q+mr85L/00zPDn1jtzlTV6FWn81MaIwqfWzKxmOJrBWHU6vtQyedQ==}
    engines: {node: '>=14.0.0'}
    peerDependencies:
      rollup: ^2.14.0||^3.0.0||^4.0.0
      tslib: '*'
      typescript: '>=3.7.0'
    peerDependenciesMeta:
      rollup:
        optional: true
      tslib:
        optional: true

  '@rollup/pluginutils@5.2.0':
    resolution: {integrity: sha512-qWJ2ZTbmumwiLFomfzTyt5Kng4hwPi9rwCYN4SHb6eaRU1KNO4ccxINHr/VhH4GgPlt1XfSTLX2LBTme8ne4Zw==}
    engines: {node: '>=14.0.0'}
    peerDependencies:
      rollup: ^1.20.0||^2.0.0||^3.0.0||^4.0.0
    peerDependenciesMeta:
      rollup:
        optional: true

  '@rollup/rollup-android-arm-eabi@4.47.0':
    resolution: {integrity: sha512-Weap5hVbZs/yIvUZcFpAmIso8rLmwkO1LesddNjeX28tIhQkAKjRuVgAJ2xpj8wXTny7IZro9aBIgGov0qsL4A==}
    cpu: [arm]
    os: [android]

  '@rollup/rollup-android-arm64@4.47.0':
    resolution: {integrity: sha512-XcnlqvG5riTJByKX7bZ1ehe48GiF+eNkdnzV0ziLp85XyJ6tLPfhkXHv3e0h3cpZESTQa8IB+ZHhV/r02+8qKw==}
    cpu: [arm64]
    os: [android]

  '@rollup/rollup-darwin-arm64@4.47.0':
    resolution: {integrity: sha512-kZzTIzmzAUOKteh688kN88HNaL7wxwTz9XB5dDK94AQdf9nD+lxm/H5uPKQaawUFS+klBEowqPMUPjBRKGbo/g==}
    cpu: [arm64]
    os: [darwin]

  '@rollup/rollup-darwin-x64@4.47.0':
    resolution: {integrity: sha512-WaMrgHRbFspYjvycbsbqheBmlsQBLwfZVWv/KFsT212Yz/RjEQ/9KEp1/p0Ef3ZNwbWsylmgf69St66D9NQNHw==}
    cpu: [x64]
    os: [darwin]

  '@rollup/rollup-freebsd-arm64@4.47.0':
    resolution: {integrity: sha512-umfYslurvSmAK5MEyOcOGooQ6EBB2pYePQaTVlrOkIfG6uuwu9egYOlxr35lwsp6XG0NzmXW0/5o150LUioMkQ==}
    cpu: [arm64]
    os: [freebsd]

  '@rollup/rollup-freebsd-x64@4.47.0':
    resolution: {integrity: sha512-EFXhIykAl8//4ihOjGNirF89HEUbOB8ev2aiw8ST8wFGwDdIPARh3enDlbp8aFnScl4CDK4DZLQYXaM6qpxzZw==}
    cpu: [x64]
    os: [freebsd]

  '@rollup/rollup-linux-arm-gnueabihf@4.47.0':
    resolution: {integrity: sha512-EwkC5N61ptruQ9wNkYfLgUWEGh+F3JZSGHkUWhaK2ISAK0d0xmiMKF0trFhRqPQFov5d9DmFiFIhWB5IC79OUA==}
    cpu: [arm]
    os: [linux]
    libc: [glibc]

  '@rollup/rollup-linux-arm-musleabihf@4.47.0':
    resolution: {integrity: sha512-Iz/g1X94vIjppA4H9hN3VEedw4ObC+u+aua2J/VPJnENEJ0GeCAPBN15nJc5pS5M8JPlUhOd3oqhOWX6Un4RHA==}
    cpu: [arm]
    os: [linux]
    libc: [musl]

  '@rollup/rollup-linux-arm64-gnu@4.47.0':
    resolution: {integrity: sha512-eYEYHYjFo/vb6k1l5uq5+Af9yuo9WaST/z+/8T5gkee+A0Sfx1NIPZtKMEQOLjm/oaeHFGpWaAO97gTPhouIfQ==}
    cpu: [arm64]
    os: [linux]
    libc: [glibc]

  '@rollup/rollup-linux-arm64-musl@4.47.0':
    resolution: {integrity: sha512-LX2x0/RszFEmDfjzL6kG/vihD5CkpJ+0K6lcbqX0jAopkkXeY2ZjStngdFMFW+BK7pyrqryJgy6Jt3+oyDxrSA==}
    cpu: [arm64]
    os: [linux]
    libc: [musl]

  '@rollup/rollup-linux-loongarch64-gnu@4.47.0':
    resolution: {integrity: sha512-0U+56rJmJvqBCwlPFz/BcxkvdiRdNPamBfuFHrOGQtGajSMJ2OqzlvOgwj5vReRQnSA6XMKw/JL1DaBhceil+g==}
    cpu: [loong64]
    os: [linux]
    libc: [glibc]

  '@rollup/rollup-linux-ppc64-gnu@4.47.0':
    resolution: {integrity: sha512-2VKOsnNyvS05HFPKtmAWtef+nZyKCot/V3Jh/A5sYMhUvtthNjp6CjakYTtc5xZ8J8Fp5FKrUWGxptVtZ2OzEA==}
    cpu: [ppc64]
    os: [linux]
    libc: [glibc]

  '@rollup/rollup-linux-riscv64-gnu@4.47.0':
    resolution: {integrity: sha512-uY5UP7YZM4DMQiiP9Fl4/7O3UbT2p3uI0qvqLXZSGWBfyYuqi2DYQ48ExylgBN3T8AJork+b+mLGq6VXsxBfuw==}
    cpu: [riscv64]
    os: [linux]
    libc: [glibc]

  '@rollup/rollup-linux-riscv64-musl@4.47.0':
    resolution: {integrity: sha512-qpcN2+/ivq3TcrXtZoHrS9WZplV3Nieh0gvnGb+SFZg7h/YkWsOXINJnjJRWHp9tEur7T8lMnMeQMPS7s9MjUg==}
    cpu: [riscv64]
    os: [linux]
    libc: [musl]

  '@rollup/rollup-linux-s390x-gnu@4.47.0':
    resolution: {integrity: sha512-XfuI+o7a2/KA2tBeP+J1CT3siyIQyjpGEL6fFvtUdoHJK1k5iVI3qeGT2i5y6Bb+xQu08AHKBsUGJ2GsOZzXbQ==}
    cpu: [s390x]
    os: [linux]
    libc: [glibc]

  '@rollup/rollup-linux-x64-gnu@4.47.0':
    resolution: {integrity: sha512-ylkLO6G7oUiN28mork3caDmgXHqRuopAxjYDaOqs4CoU9pkfR0R/pGQb2V1x2Zg3tlFj4b/DvxZroxC3xALX6g==}
    cpu: [x64]
    os: [linux]
    libc: [glibc]

  '@rollup/rollup-linux-x64-musl@4.47.0':
    resolution: {integrity: sha512-1L72a+ice8xKqJ2afsAVW9EfECOhNMAOC1jH65TgghLaHSFwNzyEdeye+1vRFDNy52OGKip/vajj0ONtX7VpAg==}
    cpu: [x64]
    os: [linux]
    libc: [musl]

  '@rollup/rollup-win32-arm64-msvc@4.47.0':
    resolution: {integrity: sha512-wluhdd1uNLk/S+ex2Yj62WFw3un2cZo2ZKXy9cOuoti5IhaPXSDSvxT3os+SJ1cjNorE1PwAOfiJU7QUH6n3Zw==}
    cpu: [arm64]
    os: [win32]

  '@rollup/rollup-win32-ia32-msvc@4.47.0':
    resolution: {integrity: sha512-0SMTA6AeG7u2rfwdkKSo6aZD/obmA7oyhR+4ePwLzlwxNE8sfSI9zmjZXtchvBAZmtkVQNt/lZ6RxSl9wBj4pw==}
    cpu: [ia32]
    os: [win32]

  '@rollup/rollup-win32-x64-msvc@4.47.0':
    resolution: {integrity: sha512-mw1/7kAGxLcfzoG7DIKFHvKr2ZUQasKOPCgT2ubkNZPgIDZOJPymqThtRWEeAlXBoipehP4BUFpBAZIrPhFg8Q==}
    cpu: [x64]
    os: [win32]

  '@types/estree@1.0.8':
    resolution: {integrity: sha512-dWHzHa2WqEXI/O1E9OjrocMTKJl2mSrEolh1Iomrv6U+JuNwaHXsXx9bLu5gG7BUWFIN0skIQJQ/L1rIex4X6w==}

  '@types/mocha@10.0.10':
    resolution: {integrity: sha512-xPyYSz1cMPnJQhl0CLMH68j3gprKZaTjG3s5Vi+fDgx+uhG9NOXwbVt52eFS8ECyXhyKcjDLCBEqBExKuiZb7Q==}

  '@types/node@22.17.2':
    resolution: {integrity: sha512-gL6z5N9Jm9mhY+U2KXZpteb+09zyffliRkZyZOHODGATyC5B1Jt/7TzuuiLkFsSUMLbS1OLmlj/E+/3KF4Q/4w==}

  '@types/resolve@1.20.2':
    resolution: {integrity: sha512-60BCwRFOZCQhDncwQdxxeOEEkbc5dIMccYLwbxsS4TUNeVECQ/pBJ0j09mrHOl/JJvpRPGwO9SvE4nR2Nb/a4Q==}

  '@types/vscode@1.103.0':
    resolution: {integrity: sha512-o4hanZAQdNfsKecexq9L3eHICd0AAvdbLk6hA60UzGXbGH/q8b/9xv2RgR7vV3ZcHuyKVq7b37IGd/+gM4Tu+Q==}

  '@types/which@3.0.4':
    resolution: {integrity: sha512-liyfuo/106JdlgSchJzXEQCVArk0CvevqPote8F8HgWgJ3dRCcTHgJIsLDuee0kxk/mhbInzIZk3QWSZJ8R+2w==}

  acorn@8.15.0:
    resolution: {integrity: sha512-NZyJarBfL7nWwIq+FDL6Zp/yHEhePMNnnJ0y3qfieCrmNvYct8uvtiV41UvlSe6apAfk0fY1FbWx+NwfmpvtTg==}
    engines: {node: '>=0.4.0'}
    hasBin: true

  balanced-match@1.0.2:
    resolution: {integrity: sha512-3oSeUO0TMV67hN1AmbXsK4yaqU7tjiHlbxRDZOpH0KW9+CeX4bRAaX0Anxt0tx2MrpRpWwQaPwIlISEJhYU5Pw==}

  brace-expansion@2.0.2:
    resolution: {integrity: sha512-Jt0vHyM+jmUBqojB7E1NIYadt0vI0Qxjxd2TErW94wDz+E2LAm5vKMXXwg6ZZBTHPuUlDgQHKXvjGBdfcF1ZDQ==}

  buffer-from@1.1.2:
    resolution: {integrity: sha512-E+XQCRwSbaaiChtv6k6Dwgc+bx+Bs6vuKJHHl5kox/BaKbhiXzqQOwK4cO22yElGp2OCmjwVhT3HmxgyPGnJfQ==}

  commander@2.20.3:
    resolution: {integrity: sha512-GpVkmM8vF2vQUkj2LvZmD35JxeJOLCwJ9cUkugyk2nuhbv3+mJvpLYYt+0+USMxE+oj+ey/lJEnhZw75x/OMcQ==}

  commondir@1.0.1:
    resolution: {integrity: sha512-W9pAhw0ja1Edb5GVdIF1mjZw/ASI0AlShXM83UUGe2DVr5TdAPEA1OA8m/g8zWp9x6On7gqufY+FatDbC3MDQg==}

  deepmerge@4.3.1:
    resolution: {integrity: sha512-3sUqbMEc77XqpdNO7FRyRog+eW3ph+GYCbj+rK+uYyRMuwsVy0rMiVtPn+QJlKFvWP/1PYpapqYn0Me2knFn+A==}
    engines: {node: '>=0.10.0'}

  estree-walker@2.0.2:
    resolution: {integrity: sha512-Rfkk/Mp/DL7JVje3u18FxFujQlTNR2q6QfMSMB7AvCBx91NGj/ba3kCfza0f6dVDbw7YlRf/nDrn7pQrCCyQ/w==}

  fdir@6.5.0:
    resolution: {integrity: sha512-tIbYtZbucOs0BRGqPJkshJUYdL+SDH7dVM8gjy+ERp3WAUjLEFJE+02kanyHtwjWOnwrKYBiwAmM0p4kLJAnXg==}
    engines: {node: '>=12.0.0'}
    peerDependencies:
      picomatch: ^3 || ^4
    peerDependenciesMeta:
      picomatch:
        optional: true

  fsevents@2.3.3:
    resolution: {integrity: sha512-5xoDfX+fL7faATnagmWPpbFtwh/R77WmMMqqHGS65C3vvB0YHrgF+B1YmZ3441tMj5n63k0212XNoJwzlhffQw==}
    engines: {node: ^8.16.0 || ^10.6.0 || >=11.0.0}
    os: [darwin]

  function-bind@1.1.2:
    resolution: {integrity: sha512-7XHNxH7qX9xG5mIwxkhumTox/MIRNcOgDrxWsMt2pAr23WHp6MrRlN7FBSFpCpr+oVO0F744iUgR82nJMfG2SA==}

  hasown@2.0.2:
    resolution: {integrity: sha512-0hJU9SCPvmMzIBdZFqNPXWa6dqh7WdH0cII9y+CyS8rG3nL48Bclra9HmKhVVUHyPWNH5Y7xDwAB7bfgSjkUMQ==}
    engines: {node: '>= 0.4'}

  is-core-module@2.16.1:
    resolution: {integrity: sha512-UfoeMA6fIJ8wTYFEUjelnaGI67v6+N7qXJEvQuIGa99l4xsCruSYOVSQ0uPANn4dAzm8lkYPaKLrrijLq7x23w==}
    engines: {node: '>= 0.4'}

  is-module@1.0.0:
    resolution: {integrity: sha512-51ypPSPCoTEIN9dy5Oy+h4pShgJmPCygKfyRCISBI+JoWT/2oJvK8QPxmwv7b/p239jXrm9M1mlQbyKJ5A152g==}

  is-reference@1.2.1:
    resolution: {integrity: sha512-U82MsXXiFIrjCK4otLT+o2NA2Cd2g5MLoOVXUZjIOhLurrRxpEXzI8O0KZHr3IjLvlAH1kTPYSuqer5T9ZVBKQ==}

  isexe@3.1.1:
    resolution: {integrity: sha512-LpB/54B+/2J5hqQ7imZHfdU31OlgQqx7ZicVlkm9kzg9/w8GKLEcFfJl/t7DCEDueOyBAD6zCCwTO6Fzs0NoEQ==}
    engines: {node: '>=16'}

  magic-string@0.30.17:
    resolution: {integrity: sha512-sNPKHvyjVf7gyjwS4xGTaW/mCnF8wnjtifKBEhxfZ7E/S8tQ0rssrwGNn6q8JH/ohItJfSQp9mBtQYuTlH5QnA==}

  minimatch@5.1.6:
    resolution: {integrity: sha512-lKwV/1brpG6mBUFHtb7NUmtABCb2WZZmm2wNiOA5hAb8VdCS4B3dtMWyvcoViccwAW/COERjXLt0zP1zXUN26g==}
    engines: {node: '>=10'}

  oxlint-tsgolint@0.0.4:
    resolution: {integrity: sha512-KFWVP+VU3ymgK/Dtuf6iRkqjo+aN42lS1YThY6JWlNi1GQqm7wtio/kAwssqDhm8kP+CVXbgZAtu1wgsK4XeTg==}
    hasBin: true

  oxlint@1.12.0:
    resolution: {integrity: sha512-tBQ9aB00aYLlGXE21WJHnKQAI8xoi2V6Eiz/WvGV7FwU9YLYuNOurEEVbfoS5u0ODX8GLvGWj1fdHh5Rb74Kkw==}
    engines: {node: '>=8.*'}
    hasBin: true

  path-parse@1.0.7:
    resolution: {integrity: sha512-LDJzPVEEEPR+y48z93A0Ed0yXb8pAByGWo/k5YYdYgpY2/2EsOsksJrq7lOHxryrVOn1ejG6oAp8ahvOIQD8sw==}

  picomatch@4.0.3:
    resolution: {integrity: sha512-5gTmgEY/sqK6gFXLIsQNH19lWb4ebPDLA4SdLP7dsWkIXHWlG66oPuVvXSGFPppYZz8ZDZq0dYYrbHfBCVUb1Q==}
    engines: {node: '>=12'}

  randombytes@2.1.0:
    resolution: {integrity: sha512-vYl3iOX+4CKUWuxGi9Ukhie6fsqXqS9FE2Zaic4tNFD2N2QQaXOMFbuKK4QmDHC0JO6B1Zp41J0LpT0oR68amQ==}

  resolve@1.22.10:
    resolution: {integrity: sha512-NPRy+/ncIMeDlTAsuqwKIiferiawhefFJtkNSW0qZJEqMEb+qBt/77B/jGeeek+F0uOeN05CDa6HXbbIgtVX4w==}
    engines: {node: '>= 0.4'}
    hasBin: true

  rollup@4.47.0:
    resolution: {integrity: sha512-jZVxJwlAptA83ftdZK1kjLZfi0f6o+vVX7ub3HaRzkehLO3l4VB4vYpMHyunhBt1sawv9fiRWPA8Qi/sbg9Kcw==}
    engines: {node: '>=18.0.0', npm: '>=8.0.0'}
    hasBin: true

  safe-buffer@5.2.1:
    resolution: {integrity: sha512-rp3So07KcdmmKbGvgaNxQSJr7bGVSVk5S9Eq1F+ppbRo70+YeaDxkw5Dd8NPN+GD6bjnYm2VuPuCXmpuYvmCXQ==}

  semver@7.7.2:
    resolution: {integrity: sha512-RF0Fw+rO5AMf9MAyaRXI4AV0Ulj5lMHqVxxdSgiVbixSCXoEmmX/jk0CuJw4+3SqroYO9VoUh+HcuJivvtJemA==}
    engines: {node: '>=10'}
    hasBin: true

  serialize-javascript@6.0.2:
    resolution: {integrity: sha512-Saa1xPByTTq2gdeFZYLLo+RFE35NHZkAbqZeWNd3BpzppeVisAqpDjcp8dyf6uIvEqJRd46jemmyA4iFIeVk8g==}

  smob@1.5.0:
    resolution: {integrity: sha512-g6T+p7QO8npa+/hNx9ohv1E5pVCmWrVCUzUXJyLdMmftX6ER0oiWY/w9knEonLpnOp6b6FenKnMfR8gqwWdwig==}

  source-map-support@0.5.21:
    resolution: {integrity: sha512-uBHU3L3czsIyYXKX88fdrGovxdSCoTGDRZ6SYXtSRxLZUzHg5P/66Ht6uoUlHu9EZod+inXhKo3qQgwXUT/y1w==}

  source-map@0.6.1:
    resolution: {integrity: sha512-UjgapumWlbMhkBgzT7Ykc5YXUT46F0iKu8SGXq0bcwP5dz/h0Plj6enJqjz1Zbq2l5WaqYnrVbwWOWMyF3F47g==}
    engines: {node: '>=0.10.0'}

  supports-preserve-symlinks-flag@1.0.0:
    resolution: {integrity: sha512-ot0WnXS9fgdkgIcePe6RHNk1WA8+muPa6cSjeR3V8K27q9BB1rTE3R1p7Hv0z1ZyAc8s6Vvv8DIyWf681MAt0w==}
    engines: {node: '>= 0.4'}

  terser@5.43.1:
    resolution: {integrity: sha512-+6erLbBm0+LROX2sPXlUYx/ux5PyE9K/a92Wrt6oA+WDAoFTdpHE5tCYCI5PNzq2y8df4rA+QgHLJuR4jNymsg==}
    engines: {node: '>=10'}
    hasBin: true

  tslib@2.8.1:
    resolution: {integrity: sha512-oJFu94HQb+KVduSUQL7wnpmqnfmLsOA/nAh6b6EH0wCEoK0/mPeXU6c3wKDV83MkOuHPRHtSXKKU99IBazS/2w==}

  typescript@5.9.2:
    resolution: {integrity: sha512-CWBzXQrc/qOkhidw1OzBTQuYRbfyxDXJMVJ1XNwUHGROVmuaeiEm3OslpZ1RV96d7SKKjZKrSJu3+t/xlw3R9A==}
    engines: {node: '>=14.17'}
    hasBin: true

  undici-types@6.21.0:
    resolution: {integrity: sha512-iwDZqg0QAGrg9Rav5H4n0M64c3mkR59cJ6wQp+7C4nI0gsmExaedaYLNO44eT4AtBBwjbTiGPMlt2Md0T9H9JQ==}

  vscode-jsonrpc@8.2.0:
    resolution: {integrity: sha512-C+r0eKJUIfiDIfwJhria30+TYWPtuHJXHtI7J0YlOmKAo7ogxP20T0zxB7HZQIFhIyvoBPwWskjxrvAtfjyZfA==}
    engines: {node: '>=14.0.0'}

  vscode-languageclient@9.0.1:
    resolution: {integrity: sha512-JZiimVdvimEuHh5olxhxkht09m3JzUGwggb5eRUkzzJhZ2KjCN0nh55VfiED9oez9DyF8/fz1g1iBV3h+0Z2EA==}
    engines: {vscode: ^1.82.0}

  vscode-languageserver-protocol@3.17.5:
    resolution: {integrity: sha512-mb1bvRJN8SVznADSGWM9u/b07H7Ecg0I3OgXDuLdn307rl/J3A9YD6/eYOssqhecL27hK1IPZAsaqh00i/Jljg==}

  vscode-languageserver-types@3.17.5:
    resolution: {integrity: sha512-Ld1VelNuX9pdF39h2Hgaeb5hEZM2Z3jUrrMgWQAu82jMtZp7p3vJT3BzToKtZI7NgQssZje5o0zryOrhQvzQAg==}

  which@5.0.0:
    resolution: {integrity: sha512-JEdGzHwwkrbWoGOlIHqQ5gtprKGOenpDHpxE9zVR1bWbOtYRyPPHMe9FaP6x61CmNaTThSkb0DAJte5jD+DmzQ==}
    engines: {node: ^18.17.0 || >=20.5.0}
    hasBin: true

snapshots:

  '@jridgewell/gen-mapping@0.3.13':
    dependencies:
      '@jridgewell/sourcemap-codec': 1.5.5
      '@jridgewell/trace-mapping': 0.3.30

  '@jridgewell/resolve-uri@3.1.2': {}

  '@jridgewell/source-map@0.3.11':
    dependencies:
      '@jridgewell/gen-mapping': 0.3.13
      '@jridgewell/trace-mapping': 0.3.30

  '@jridgewell/sourcemap-codec@1.5.5': {}

  '@jridgewell/trace-mapping@0.3.30':
    dependencies:
      '@jridgewell/resolve-uri': 3.1.2
      '@jridgewell/sourcemap-codec': 1.5.5

  '@oxlint-tsgolint/darwin-arm64@0.0.4':
    optional: true

  '@oxlint-tsgolint/darwin-x64@0.0.4':
    optional: true

  '@oxlint-tsgolint/linux-arm64@0.0.4':
    optional: true

  '@oxlint-tsgolint/linux-x64@0.0.4':
    optional: true

  '@oxlint-tsgolint/win32-arm64@0.0.4':
    optional: true

  '@oxlint-tsgolint/win32-x64@0.0.4':
    optional: true

  '@oxlint/darwin-arm64@1.12.0':
    optional: true

  '@oxlint/darwin-x64@1.12.0':
    optional: true

  '@oxlint/linux-arm64-gnu@1.12.0':
    optional: true

  '@oxlint/linux-arm64-musl@1.12.0':
    optional: true

  '@oxlint/linux-x64-gnu@1.12.0':
    optional: true

  '@oxlint/linux-x64-musl@1.12.0':
    optional: true

  '@oxlint/win32-arm64@1.12.0':
    optional: true

  '@oxlint/win32-x64@1.12.0':
    optional: true

  '@rollup/plugin-commonjs@28.0.6(rollup@4.47.0)':
    dependencies:
      '@rollup/pluginutils': 5.2.0(rollup@4.47.0)
      commondir: 1.0.1
      estree-walker: 2.0.2
      fdir: 6.5.0(picomatch@4.0.3)
      is-reference: 1.2.1
      magic-string: 0.30.17
      picomatch: 4.0.3
    optionalDependencies:
      rollup: 4.47.0

  '@rollup/plugin-node-resolve@16.0.1(rollup@4.47.0)':
    dependencies:
      '@rollup/pluginutils': 5.2.0(rollup@4.47.0)
      '@types/resolve': 1.20.2
      deepmerge: 4.3.1
      is-module: 1.0.0
      resolve: 1.22.10
    optionalDependencies:
      rollup: 4.47.0

  '@rollup/plugin-replace@6.0.2(rollup@4.47.0)':
    dependencies:
      '@rollup/pluginutils': 5.2.0(rollup@4.47.0)
      magic-string: 0.30.17
    optionalDependencies:
      rollup: 4.47.0

  '@rollup/plugin-terser@0.4.4(rollup@4.47.0)':
    dependencies:
      serialize-javascript: 6.0.2
      smob: 1.5.0
      terser: 5.43.1
    optionalDependencies:
      rollup: 4.47.0

  '@rollup/plugin-typescript@12.1.4(rollup@4.47.0)(tslib@2.8.1)(typescript@5.9.2)':
    dependencies:
      '@rollup/pluginutils': 5.2.0(rollup@4.47.0)
      resolve: 1.22.10
      typescript: 5.9.2
    optionalDependencies:
      rollup: 4.47.0
      tslib: 2.8.1

  '@rollup/pluginutils@5.2.0(rollup@4.47.0)':
    dependencies:
      '@types/estree': 1.0.8
      estree-walker: 2.0.2
      picomatch: 4.0.3
    optionalDependencies:
      rollup: 4.47.0

  '@rollup/rollup-android-arm-eabi@4.47.0':
    optional: true

  '@rollup/rollup-android-arm64@4.47.0':
    optional: true

  '@rollup/rollup-darwin-arm64@4.47.0':
    optional: true

  '@rollup/rollup-darwin-x64@4.47.0':
    optional: true

  '@rollup/rollup-freebsd-arm64@4.47.0':
    optional: true

  '@rollup/rollup-freebsd-x64@4.47.0':
    optional: true

  '@rollup/rollup-linux-arm-gnueabihf@4.47.0':
    optional: true

  '@rollup/rollup-linux-arm-musleabihf@4.47.0':
    optional: true

  '@rollup/rollup-linux-arm64-gnu@4.47.0':
    optional: true

  '@rollup/rollup-linux-arm64-musl@4.47.0':
    optional: true

  '@rollup/rollup-linux-loongarch64-gnu@4.47.0':
    optional: true

  '@rollup/rollup-linux-ppc64-gnu@4.47.0':
    optional: true

  '@rollup/rollup-linux-riscv64-gnu@4.47.0':
    optional: true

  '@rollup/rollup-linux-riscv64-musl@4.47.0':
    optional: true

  '@rollup/rollup-linux-s390x-gnu@4.47.0':
    optional: true

  '@rollup/rollup-linux-x64-gnu@4.47.0':
    optional: true

  '@rollup/rollup-linux-x64-musl@4.47.0':
    optional: true

  '@rollup/rollup-win32-arm64-msvc@4.47.0':
    optional: true

  '@rollup/rollup-win32-ia32-msvc@4.47.0':
    optional: true

  '@rollup/rollup-win32-x64-msvc@4.47.0':
    optional: true

  '@types/estree@1.0.8': {}

  '@types/mocha@10.0.10': {}

  '@types/node@22.17.2':
    dependencies:
      undici-types: 6.21.0

  '@types/resolve@1.20.2': {}

  '@types/vscode@1.103.0': {}

  '@types/which@3.0.4': {}

  acorn@8.15.0: {}

  balanced-match@1.0.2: {}

  brace-expansion@2.0.2:
    dependencies:
      balanced-match: 1.0.2

  buffer-from@1.1.2: {}

  commander@2.20.3: {}

  commondir@1.0.1: {}

  deepmerge@4.3.1: {}

  estree-walker@2.0.2: {}

  fdir@6.5.0(picomatch@4.0.3):
    optionalDependencies:
      picomatch: 4.0.3

  fsevents@2.3.3:
    optional: true

  function-bind@1.1.2: {}

  hasown@2.0.2:
    dependencies:
      function-bind: 1.1.2

  is-core-module@2.16.1:
    dependencies:
      hasown: 2.0.2

  is-module@1.0.0: {}

  is-reference@1.2.1:
    dependencies:
      '@types/estree': 1.0.8

  isexe@3.1.1: {}

  magic-string@0.30.17:
    dependencies:
      '@jridgewell/sourcemap-codec': 1.5.5

  minimatch@5.1.6:
    dependencies:
      brace-expansion: 2.0.2

  oxlint-tsgolint@0.0.4:
    optionalDependencies:
      '@oxlint-tsgolint/darwin-arm64': 0.0.4
      '@oxlint-tsgolint/darwin-x64': 0.0.4
      '@oxlint-tsgolint/linux-arm64': 0.0.4
      '@oxlint-tsgolint/linux-x64': 0.0.4
      '@oxlint-tsgolint/win32-arm64': 0.0.4
      '@oxlint-tsgolint/win32-x64': 0.0.4
    optional: true

  oxlint@1.12.0:
    optionalDependencies:
      '@oxlint/darwin-arm64': 1.12.0
      '@oxlint/darwin-x64': 1.12.0
      '@oxlint/linux-arm64-gnu': 1.12.0
      '@oxlint/linux-arm64-musl': 1.12.0
      '@oxlint/linux-x64-gnu': 1.12.0
      '@oxlint/linux-x64-musl': 1.12.0
      '@oxlint/win32-arm64': 1.12.0
      '@oxlint/win32-x64': 1.12.0
      oxlint-tsgolint: 0.0.4

  path-parse@1.0.7: {}

  picomatch@4.0.3: {}

  randombytes@2.1.0:
    dependencies:
      safe-buffer: 5.2.1

  resolve@1.22.10:
    dependencies:
      is-core-module: 2.16.1
      path-parse: 1.0.7
      supports-preserve-symlinks-flag: 1.0.0

  rollup@4.47.0:
    dependencies:
      '@types/estree': 1.0.8
    optionalDependencies:
      '@rollup/rollup-android-arm-eabi': 4.47.0
      '@rollup/rollup-android-arm64': 4.47.0
      '@rollup/rollup-darwin-arm64': 4.47.0
      '@rollup/rollup-darwin-x64': 4.47.0
      '@rollup/rollup-freebsd-arm64': 4.47.0
      '@rollup/rollup-freebsd-x64': 4.47.0
      '@rollup/rollup-linux-arm-gnueabihf': 4.47.0
      '@rollup/rollup-linux-arm-musleabihf': 4.47.0
      '@rollup/rollup-linux-arm64-gnu': 4.47.0
      '@rollup/rollup-linux-arm64-musl': 4.47.0
      '@rollup/rollup-linux-loongarch64-gnu': 4.47.0
      '@rollup/rollup-linux-ppc64-gnu': 4.47.0
      '@rollup/rollup-linux-riscv64-gnu': 4.47.0
      '@rollup/rollup-linux-riscv64-musl': 4.47.0
      '@rollup/rollup-linux-s390x-gnu': 4.47.0
      '@rollup/rollup-linux-x64-gnu': 4.47.0
      '@rollup/rollup-linux-x64-musl': 4.47.0
      '@rollup/rollup-win32-arm64-msvc': 4.47.0
      '@rollup/rollup-win32-ia32-msvc': 4.47.0
      '@rollup/rollup-win32-x64-msvc': 4.47.0
      fsevents: 2.3.3

  safe-buffer@5.2.1: {}

  semver@7.7.2: {}

  serialize-javascript@6.0.2:
    dependencies:
      randombytes: 2.1.0

  smob@1.5.0: {}

  source-map-support@0.5.21:
    dependencies:
      buffer-from: 1.1.2
      source-map: 0.6.1

  source-map@0.6.1: {}

  supports-preserve-symlinks-flag@1.0.0: {}

  terser@5.43.1:
    dependencies:
      '@jridgewell/source-map': 0.3.11
      acorn: 8.15.0
      commander: 2.20.3
      source-map-support: 0.5.21

  tslib@2.8.1: {}

  typescript@5.9.2: {}

  undici-types@6.21.0: {}

  vscode-jsonrpc@8.2.0: {}

  vscode-languageclient@9.0.1:
    dependencies:
      minimatch: 5.1.6
      semver: 7.7.2
      vscode-languageserver-protocol: 3.17.5

  vscode-languageserver-protocol@3.17.5:
    dependencies:
      vscode-jsonrpc: 8.2.0
      vscode-languageserver-types: 3.17.5

  vscode-languageserver-types@3.17.5: {}

  which@5.0.0:
    dependencies:
      isexe: 3.1.1
